
Microsoft Visual Studio Solution File, Format Version 12.00
# Visual Studio Version 17
VisualStudioVersion = 17.5.33414.496
MinimumVisualStudioVersion = 10.0.40219.1
Project("{FAE04EC0-301F-11D3-BF4B-00C04F79EFBC}") = "FoodGuardDefinitive.Android", "FoodGuardDefinitive\FoodGuardDefinitive.Android\FoodGuardDefinitive.Android.csproj", "{D73AD55D-23DC-46CD-84E0-03A2C3252EE4}"
EndProject
Project("{FAE04EC0-301F-11D3-BF4B-00C04F79EFBC}") = "FoodGuardDefinitive.iOS", "FoodGuardDefinitive\FoodGuardDefinitive.iOS\FoodGuardDefinitive.iOS.csproj", "{24DAEC9C-A193-4582-8E99-85052C543741}"
EndProject
Project("{FAE04EC0-301F-11D3-BF4B-00C04F79EFBC}") = "FoodGuardDefinitive", "FoodGuardDefinitive\FoodGuardDefinitive\FoodGuardDefinitive.csproj", "{EE69B380-97A3-409F-8210-76C306F20732}"
EndProject
Global
	GlobalSection(SolutionConfigurationPlatforms) = preSolution
		Debug|Any CPU = Debug|Any CPU
		Debug|iPhone = Debug|iPhone
		Debug|iPhoneSimulator = Debug|iPhoneSimulator
		Release|Any CPU = Release|Any CPU
		Release|iPhone = Release|iPhone
		Release|iPhoneSimulator = Release|iPhoneSimulator
	EndGlobalSection
	GlobalSection(ProjectConfigurationPlatforms) = postSolution
		{D73AD55D-23DC-46CD-84E0-03A2C3252EE4}.Debug|Any CPU.ActiveCfg = Debug|Any CPU
		{D73AD55D-23DC-46CD-84E0-03A2C3252EE4}.Debug|Any CPU.Build.0 = Debug|Any CPU
		{D73AD55D-23DC-46CD-84E0-03A2C3252EE4}.Debug|Any CPU.Deploy.0 = Debug|Any CPU
		{D73AD55D-23DC-46CD-84E0-03A2C3252EE4}.Debug|iPhone.ActiveCfg = Debug|Any CPU
		{D73AD55D-23DC-46CD-84E0-03A2C3252EE4}.Debug|iPhone.Build.0 = Debug|Any CPU
		{D73AD55D-23DC-46CD-84E0-03A2C3252EE4}.Debug|iPhone.Deploy.0 = Debug|Any CPU
		{D73AD55D-23DC-46CD-84E0-03A2C3252EE4}.Debug|iPhoneSimulator.ActiveCfg = Debug|Any CPU
		{D73AD55D-23DC-46CD-84E0-03A2C3252EE4}.Debug|iPhoneSimulator.Build.0 = Debug|Any CPU
		{D73AD55D-23DC-46CD-84E0-03A2C3252EE4}.Debug|iPhoneSimulator.Deploy.0 = Debug|Any CPU
		{D73AD55D-23DC-46CD-84E0-03A2C3252EE4}.Release|Any CPU.ActiveCfg = Release|Any CPU
		{D73AD55D-23DC-46CD-84E0-03A2C3252EE4}.Release|Any CPU.Build.0 = Release|Any CPU
		{D73AD55D-23DC-46CD-84E0-03A2C3252EE4}.Release|Any CPU.Deploy.0 = Release|Any CPU
		{D73AD55D-23DC-46CD-84E0-03A2C3252EE4}.Release|iPhone.ActiveCfg = Release|Any CPU
		{D73AD55D-23DC-46CD-84E0-03A2C3252EE4}.Release|iPhone.Build.0 = Release|Any CPU
		{D73AD55D-23DC-46CD-84E0-03A2C3252EE4}.Release|iPhone.Deploy.0 = Release|Any CPU
		{D73AD55D-23DC-46CD-84E0-03A2C3252EE4}.Release|iPhoneSimulator.ActiveCfg = Release|Any CPU
		{D73AD55D-23DC-46CD-84E0-03A2C3252EE4}.Release|iPhoneSimulator.Build.0 = Release|Any CPU
		{D73AD55D-23DC-46CD-84E0-03A2C3252EE4}.Release|iPhoneSimulator.Deploy.0 = Release|Any CPU
		{24DAEC9C-A193-4582-8E99-85052C543741}.Debug|Any CPU.ActiveCfg = Debug|iPhone
		{24DAEC9C-A193-4582-8E99-85052C543741}.Debug|Any CPU.Build.0 = Debug|iPhone
		{24DAEC9C-A193-4582-8E99-85052C543741}.Debug|Any CPU.Deploy.0 = Debug|iPhone
		{24DAEC9C-A193-4582-8E99-85052C543741}.Debug|iPhone.ActiveCfg = Debug|iPhone
		{24DAEC9C-A193-4582-8E99-85052C543741}.Debug|iPhone.Build.0 = Debug|iPhone
		{24DAEC9C-A193-4582-8E99-85052C543741}.Debug|iPhone.Deploy.0 = Debug|iPhone
		{24DAEC9C-A193-4582-8E99-85052C543741}.Debug|iPhoneSimulator.ActiveCfg = Debug|iPhoneSimulator
		{24DAEC9C-A193-4582-8E99-85052C543741}.Debug|iPhoneSimulator.Build.0 = Debug|iPhoneSimulator
		{24DAEC9C-A193-4582-8E99-85052C543741}.Debug|iPhoneSimulator.Deploy.0 = Debug|iPhoneSimulator
		{24DAEC9C-A193-4582-8E99-85052C543741}.Release|Any CPU.ActiveCfg = Release|iPhoneSimulator
		{24DAEC9C-A193-4582-8E99-85052C543741}.Release|Any CPU.Build.0 = Release|iPhoneSimulator
		{24DAEC9C-A193-4582-8E99-85052C543741}.Release|Any CPU.Deploy.0 = Release|iPhoneSimulator
		{24DAEC9C-A193-4582-8E99-85052C543741}.Release|iPhone.ActiveCfg = Release|iPhone
		{24DAEC9C-A193-4582-8E99-85052C543741}.Release|iPhone.Build.0 = Release|iPhone
		{24DAEC9C-A193-4582-8E99-85052C543741}.Release|iPhone.Deploy.0 = Release|iPhone
		{24DAEC9C-A193-4582-8E99-85052C543741}.Release|iPhoneSimulator.ActiveCfg = Release|iPhoneSimulator
		{24DAEC9C-A193-4582-8E99-85052C543741}.Release|iPhoneSimulator.Build.0 = Release|iPhoneSimulator
		{24DAEC9C-A193-4582-8E99-85052C543741}.Release|iPhoneSimulator.Deploy.0 = Release|iPhoneSimulator
		{EE69B380-97A3-409F-8210-76C306F20732}.Debug|Any CPU.ActiveCfg = Debug|Any CPU
		{EE69B380-97A3-409F-8210-76C306F20732}.Debug|Any CPU.Build.0 = Debug|Any CPU
		{EE69B380-97A3-409F-8210-76C306F20732}.Debug|Any CPU.Deploy.0 = Debug|Any CPU
		{EE69B380-97A3-409F-8210-76C306F20732}.Debug|iPhone.ActiveCfg = Debug|Any CPU
		{EE69B380-97A3-409F-8210-76C306F20732}.Debug|iPhone.Build.0 = Debug|Any CPU
		{EE69B380-97A3-409F-8210-76C306F20732}.Debug|iPhone.Deploy.0 = Debug|Any CPU
		{EE69B380-97A3-409F-8210-76C306F20732}.Debug|iPhoneSimulator.ActiveCfg = Debug|Any CPU
		{EE69B380-97A3-409F-8210-76C306F20732}.Debug|iPhoneSimulator.Build.0 = Debug|Any CPU
		{EE69B380-97A3-409F-8210-76C306F20732}.Debug|iPhoneSimulator.Deploy.0 = Debug|Any CPU
		{EE69B380-97A3-409F-8210-76C306F20732}.Release|Any CPU.ActiveCfg = Release|Any CPU
		{EE69B380-97A3-409F-8210-76C306F20732}.Release|Any CPU.Build.0 = Release|Any CPU
		{EE69B380-97A3-409F-8210-76C306F20732}.Release|Any CPU.Deploy.0 = Release|Any CPU
		{EE69B380-97A3-409F-8210-76C306F20732}.Release|iPhone.ActiveCfg = Release|Any CPU
		{EE69B380-97A3-409F-8210-76C306F20732}.Release|iPhone.Build.0 = Release|Any CPU
		{EE69B380-97A3-409F-8210-76C306F20732}.Release|iPhone.Deploy.0 = Release|Any CPU
		{EE69B380-97A3-409F-8210-76C306F20732}.Release|iPhoneSimulator.ActiveCfg = Release|Any CPU
		{EE69B380-97A3-409F-8210-76C306F20732}.Release|iPhoneSimulator.Build.0 = Release|Any CPU
		{EE69B380-97A3-409F-8210-76C306F20732}.Release|iPhoneSimulator.Deploy.0 = Release|Any CPU
	EndGlobalSection
	GlobalSection(SolutionProperties) = preSolution
		HideSolutionNode = FALSE
	EndGlobalSection
	GlobalSection(ExtensibilityGlobals) = postSolution
		SolutionGuid = {00ECB16E-3FD5-4748-B815-36B29DDBB9C3}
	EndGlobalSection
EndGlobal
